
Microsoft Visual Studio Solution File, Format Version 12.00
# Visual Studio Version 17
VisualStudioVersion = 17.4.33103.184
MinimumVisualStudioVersion = 10.0.40219.1
Project("{9A19103F-16F7-4668-BE54-9A1E7A4F7556}") = "WebFrontEnd", "WebFrontEnd\WebFrontEnd.csproj", "{3F1FF042-C912-4864-9F1E-D6B65CE422EC}"
EndProject
Project("{9A19103F-16F7-4668-BE54-9A1E7A4F7556}") = "WebAPI", "WebAPI\WebAPI.csproj", "{1E91C310-D34A-4A60-850C-354EC3A839CA}"
EndProject
Project("{E53339B2-1760-4266-BCC7-CA923CBCF16C}") = "docker-compose", "docker-compose.dcproj", "{92CAAC79-52DB-4864-B161-9F8E2B844A25}"
EndProject
Project("{2150E333-8FDC-42A3-9474-1A3956D46DE8}") = "configs", "configs", "{CEE6DE4D-DAA9-4789-85E0-79F14631FB3C}"
	ProjectSection(SolutionItems) = preProject
		configs\traefik.yml = configs\traefik.yml
		configs\custom\example.yml = configs\custom\example.yml
	EndProjectSection
EndProject
Global
	GlobalSection(SolutionConfigurationPlatforms) = preSolution
		Debug|Any CPU = Debug|Any CPU
		Release|Any CPU = Release|Any CPU
	EndGlobalSection
	GlobalSection(ProjectConfigurationPlatforms) = postSolution
		{3F1FF042-C912-4864-9F1E-D6B65CE422EC}.Debug|Any CPU.ActiveCfg = Debug|Any CPU
		{3F1FF042-C912-4864-9F1E-D6B65CE422EC}.Debug|Any CPU.Build.0 = Debug|Any CPU
		{3F1FF042-C912-4864-9F1E-D6B65CE422EC}.Release|Any CPU.ActiveCfg = Release|Any CPU
		{3F1FF042-C912-4864-9F1E-D6B65CE422EC}.Release|Any CPU.Build.0 = Release|Any CPU
		{1E91C310-D34A-4A60-850C-354EC3A839CA}.Debug|Any CPU.ActiveCfg = Debug|Any CPU
		{1E91C310-D34A-4A60-850C-354EC3A839CA}.Debug|Any CPU.Build.0 = Debug|Any CPU
		{1E91C310-D34A-4A60-850C-354EC3A839CA}.Release|Any CPU.ActiveCfg = Release|Any CPU
		{1E91C310-D34A-4A60-850C-354EC3A839CA}.Release|Any CPU.Build.0 = Release|Any CPU
		{92CAAC79-52DB-4864-B161-9F8E2B844A25}.Debug|Any CPU.ActiveCfg = Debug|Any CPU
		{92CAAC79-52DB-4864-B161-9F8E2B844A25}.Debug|Any CPU.Build.0 = Debug|Any CPU
		{92CAAC79-52DB-4864-B161-9F8E2B844A25}.Release|Any CPU.ActiveCfg = Release|Any CPU
		{92CAAC79-52DB-4864-B161-9F8E2B844A25}.Release|Any CPU.Build.0 = Release|Any CPU
	EndGlobalSection
	GlobalSection(SolutionProperties) = preSolution
		HideSolutionNode = FALSE
	EndGlobalSection
	GlobalSection(ExtensibilityGlobals) = postSolution
		SolutionGuid = {FEE0C269-D9E6-421C-B048-215C71570C3D}
	EndGlobalSection
EndGlobal
